{
  "name": "studentfolders",
  "version": "1.0.0",
  "lockfileVersion": 3,
  "requires": true,
  "packages": {
    "": {
      "name": "studentfolders",
      "version": "1.0.0",
      "license": "ISC",
      "dependencies": {
        "@types/google-apps-script": "^2.0.2"
      }
    },
    "node_modules/@types/google-apps-script": {
      "version": "2.0.2",
      "resolved": "https://registry.npmjs.org/@types/google-apps-script/-/google-apps-script-2.0.2.tgz",
      "integrity": "sha512-TBrYuYGPIBGKNE/gLhd0nMTw97BUItthGatJvDc2n8EhxQByrK3Gmn36sYCWtjABldMGNvDvEZBtlDnLErvJLg==",
      "license": "MIT"
    }
  }
}
